
Microsoft Visual Studio Solution File, Format Version 12.00
# Visual Studio Version 16
VisualStudioVersion = 16.0.29418.71
MinimumVisualStudioVersion = 10.0.40219.1
Project("{FAE04EC0-301F-11D3-BF4B-00C04F79EFBC}") = "ConsoleDynamics", "ConsoleDynamics\ConsoleDynamics.csproj", "{6E5F98B6-AB79-434E-A255-20BEFA93D394}"
EndProject
Project("{FAE04EC0-301F-11D3-BF4B-00C04F79EFBC}") = "ConsoleProfileFunction", "ConsoleProfileFunction\ConsoleProfileFunction.csproj", "{FE5BA8F4-6795-40EC-840C-10FA59820CF1}"
EndProject
Global
	GlobalSection(SolutionConfigurationPlatforms) = preSolution
		Debug|Any CPU = Debug|Any CPU
		Release|Any CPU = Release|Any CPU
	EndGlobalSection
	GlobalSection(ProjectConfigurationPlatforms) = postSolution
		{6E5F98B6-AB79-434E-A255-20BEFA93D394}.Debug|Any CPU.ActiveCfg = Debug|Any CPU
		{6E5F98B6-AB79-434E-A255-20BEFA93D394}.Debug|Any CPU.Build.0 = Debug|Any CPU
		{6E5F98B6-AB79-434E-A255-20BEFA93D394}.Release|Any CPU.ActiveCfg = Release|Any CPU
		{6E5F98B6-AB79-434E-A255-20BEFA93D394}.Release|Any CPU.Build.0 = Release|Any CPU
		{FE5BA8F4-6795-40EC-840C-10FA59820CF1}.Debug|Any CPU.ActiveCfg = Debug|Any CPU
		{FE5BA8F4-6795-40EC-840C-10FA59820CF1}.Debug|Any CPU.Build.0 = Debug|Any CPU
		{FE5BA8F4-6795-40EC-840C-10FA59820CF1}.Release|Any CPU.ActiveCfg = Release|Any CPU
		{FE5BA8F4-6795-40EC-840C-10FA59820CF1}.Release|Any CPU.Build.0 = Release|Any CPU
	EndGlobalSection
	GlobalSection(SolutionProperties) = preSolution
		HideSolutionNode = FALSE
	EndGlobalSection
	GlobalSection(ExtensibilityGlobals) = postSolution
		SolutionGuid = {50240366-FEB8-48F4-A905-4BEEB63B1268}
	EndGlobalSection
EndGlobal
